
Microsoft Visual Studio Solution File, Format Version 12.00
# Visual Studio Version 17
VisualStudioVersion = 17.8.34511.84
MinimumVisualStudioVersion = 10.0.40219.1
Project("{D2ABAB84-BF74-430A-B69E-9DC6D40DDA17}") = "dbSMART_STAR", "dbSMART_STAR\dbSMART_STAR.dwproj", "{8A5306C3-1E84-4571-AA90-629C17450D1F}"
EndProject
Global
	GlobalSection(SolutionConfigurationPlatforms) = preSolution
		Development|Default = Development|Default
	EndGlobalSection
	GlobalSection(ProjectConfigurationPlatforms) = postSolution
		{8A5306C3-1E84-4571-AA90-629C17450D1F}.Development|Default.ActiveCfg = Development
		{8A5306C3-1E84-4571-AA90-629C17450D1F}.Development|Default.Build.0 = Development
		{8A5306C3-1E84-4571-AA90-629C17450D1F}.Development|Default.Deploy.0 = Development
	EndGlobalSection
	GlobalSection(SolutionProperties) = preSolution
		HideSolutionNode = FALSE
	EndGlobalSection
	GlobalSection(ExtensibilityGlobals) = postSolution
		SolutionGuid = {50A32B4F-409A-4B5D-83B2-F70738ABC303}
	EndGlobalSection
EndGlobal
