
Microsoft Visual Studio Solution File, Format Version 12.00
# Visual Studio Version 17
VisualStudioVersion = 17.8.34511.84
MinimumVisualStudioVersion = 10.0.40219.1
Project("{FAE04EC0-301F-11D3-BF4B-00C04F79EFBC}") = "EMAIL", "EMAIL\EMAIL.csproj", "{8538C697-A6F1-4A91-A299-3EC280E80F2E}"
EndProject
Global
	GlobalSection(SolutionConfigurationPlatforms) = preSolution
		Debug|Any CPU = Debug|Any CPU
		Release|Any CPU = Release|Any CPU
	EndGlobalSection
	GlobalSection(ProjectConfigurationPlatforms) = postSolution
		{8538C697-A6F1-4A91-A299-3EC280E80F2E}.Debug|Any CPU.ActiveCfg = Debug|Any CPU
		{8538C697-A6F1-4A91-A299-3EC280E80F2E}.Debug|Any CPU.Build.0 = Debug|Any CPU
		{8538C697-A6F1-4A91-A299-3EC280E80F2E}.Release|Any CPU.ActiveCfg = Release|Any CPU
		{8538C697-A6F1-4A91-A299-3EC280E80F2E}.Release|Any CPU.Build.0 = Release|Any CPU
	EndGlobalSection
	GlobalSection(SolutionProperties) = preSolution
		HideSolutionNode = FALSE
	EndGlobalSection
	GlobalSection(ExtensibilityGlobals) = postSolution
		SolutionGuid = {0038D70A-E78D-4CFC-96F1-A43350AA6FC7}
	EndGlobalSection
EndGlobal
