
Microsoft Visual Studio Solution File, Format Version 12.00
# Visual Studio Version 16
VisualStudioVersion = 16.0.34729.46
MinimumVisualStudioVersion = 10.0.40219.1
Project("{C9674DCB-5085-4A16-B785-4C70DD1589BD}") = "IBM_Data", "IBM_Data.dtproj", "{446F7789-D351-4DC6-81B2-D6AD5D2E55C7}"
EndProject
Project("{D2ABAB84-BF74-430A-B69E-9DC6D40DDA17}") = "Multidimensional", "..\Multidimensional\Multidimensional.dwproj", "{E9B343B1-A347-4D75-9445-38BFDFF798CB}"
EndProject
Global
	GlobalSection(SolutionConfigurationPlatforms) = preSolution
		Development|Default = Development|Default
	EndGlobalSection
	GlobalSection(ProjectConfigurationPlatforms) = postSolution
		{446F7789-D351-4DC6-81B2-D6AD5D2E55C7}.Development|Default.ActiveCfg = Development
		{446F7789-D351-4DC6-81B2-D6AD5D2E55C7}.Development|Default.Build.0 = Development
		{E9B343B1-A347-4D75-9445-38BFDFF798CB}.Development|Default.ActiveCfg = Development
		{E9B343B1-A347-4D75-9445-38BFDFF798CB}.Development|Default.Build.0 = Development
		{E9B343B1-A347-4D75-9445-38BFDFF798CB}.Development|Default.Deploy.0 = Development
	EndGlobalSection
	GlobalSection(SolutionProperties) = preSolution
		HideSolutionNode = FALSE
	EndGlobalSection
	GlobalSection(ExtensibilityGlobals) = postSolution
		SolutionGuid = {ED34064C-7746-4970-8AA9-574C7B153B4F}
	EndGlobalSection
EndGlobal
